# THIS IS AN AUTOGENERATED FILE. DO NOT EDIT THIS FILE DIRECTLY.
# yarn lockfile v1


"@framer/google.material-design@^1.0.0":
  version "1.0.0"
  resolved "https://registry.framer.com/@framer/google.material-design/-/@framer/google.material-design-1.0.0.tgz#cc7f1df1783659972bffe7ba0e224489c6cc9113"
  integrity sha1-zH8d8Xg2WZcr/+e6DiJEicbMkRM=
  dependencies:
    "@material/button" "^0.39.0"
    "@material/card" "^0.39.0"
    "@material/checkbox" "^0.39.1"
    "@material/fab" "^0.39.0"
    "@material/form-field" "^0.39.1"
    "@material/icon-button" "^0.39.0"
    "@material/react-button" "^0.4.2"
    "@material/react-material-icon" "^0.4.2"
    "@material/react-select" "^0.4.2"
    "@material/react-text-field" "^0.4.2"
    "@material/react-top-app-bar" "^0.4.2"
    "@material/ripple" "^0.39.0"
    "@material/select" "^0.39.1"
    "@material/slider" "^0.39.1"
    "@material/switch" "^0.39.1"
    "@material/textfield" "^0.39.1"
    "@material/typography" "^0.39.0"
    styled-components "^3.4.5"

"@framer/jurrehoutkamp.custom-scroll@^1.0.0":
  version "1.0.0"
  resolved "https://registry.framer.com/@framer/jurrehoutkamp.custom-scroll/-/@framer/jurrehoutkamp.custom-scroll-1.0.0.tgz#4e0e41dbdba6cab5f6a66f7b2725954af2663959"
  integrity sha512-yY/LDrqpSOGjBbuzN1jmKEjlfyZg+0hBcI41JgfxA2tsfDcGscRFKeC7sZ1OcBT6eS9aE+N+1BdQdGIo5xszug==

"@material/animation@^0.34.0":
  version "0.34.0"
  resolved "https://registry.yarnpkg.com/@material/animation/-/animation-0.34.0.tgz#a99cc9dabf7d0179b4da9a0aaa1575c4d1513823"
  integrity sha512-HKWU+pHda+xSIV0lwrTMOb/N005NIAV7+tvEEjTiLrQx74eO6J9nIjfCpZ0W4D8Kb9K90lgHFo0ZRC6yDTjizQ==

"@material/animation@^0.39.0":
  version "0.39.0"
  resolved "https://registry.yarnpkg.com/@material/animation/-/animation-0.39.0.tgz#d3d503c9f87ac1193dc4a5b0cccfaedb39478439"
  integrity sha512-f3BGCba0GdYY+eGFnK0L08HLyljgEyBvMLoJoutP225IpvzsLLTqumL/796nFCsouWn6E3G+8BUVjAtzTjU2lA==

"@material/base@^0.35.0":
  version "0.35.0"
  resolved "https://registry.yarnpkg.com/@material/base/-/base-0.35.0.tgz#8640c2da385e8cc393ff56153c5a319f5a7704cb"
  integrity sha512-PYuluVzcH8hxtionVvpTSygTENlgyOHvJ5ka7JfbCRQfXlxjV8zKYwhh9u/1HqA6y1OonG1oGFCaBHopbdsNEQ==

"@material/base@^0.39.0":
  version "0.39.0"
  resolved "https://registry.yarnpkg.com/@material/base/-/base-0.39.0.tgz#ca451531cf438f51bf999ad7b96b5e8f3929e19a"
  integrity sha512-B+vMqnOR2JU2dzv/5UPKQUAZAj739pMkJkt3Zy7sJaQnw3j8wTKxiUMUhd9ZHaPx1FBlUNMn2PwOq8YZIn0svA==

"@material/button@^0.38.1":
  version "0.38.1"
  resolved "https://registry.yarnpkg.com/@material/button/-/button-0.38.1.tgz#006fac3c4b11d4731f86b60994ad38ddfc29fca2"
  integrity sha512-ceib9rvFIpUTe0/3crfmR/y4OTOQibj6OlHGedA5H/sh2d9ie+btQLP4Xe8I6UKZdzcy6IiLvmlRWR0YdABmZw==
  dependencies:
    "@material/elevation" "^0.38.0"
    "@material/ripple" "^0.38.1"
    "@material/rtl" "^0.36.0"
    "@material/theme" "^0.38.0"
    "@material/typography" "^0.38.0"

"@material/button@^0.39.0":
  version "0.39.3"
  resolved "https://registry.yarnpkg.com/@material/button/-/button-0.39.3.tgz#f2aaaac96932deeb692379a2379eca6eced918ac"
  integrity sha512-O4QcglZ9kgixhHbUk+vLZYm5LKgImqd8VUeClBXL3sDrqNSQX047D17fLk6Fy3n3WKroZ1WkVbM9T9gQTBmaxA==
  dependencies:
    "@material/elevation" "^0.39.1"
    "@material/ripple" "^0.39.3"
    "@material/rtl" "^0.39.1"
    "@material/theme" "^0.39.1"
    "@material/typography" "^0.39.0"

"@material/card@^0.39.0":
  version "0.39.3"
  resolved "https://registry.yarnpkg.com/@material/card/-/card-0.39.3.tgz#bd66454ce3560adb9554b15a9e4d2284f17b9af5"
  integrity sha512-5g+fgkMbYIztfME9nYVgPhQNE705rdEvS6oCbEGZuHgglSdhCqmAgvptc/fGh7DiDN5gYevr8RoTE5SU/oWTAg==
  dependencies:
    "@material/elevation" "^0.39.1"
    "@material/ripple" "^0.39.3"
    "@material/rtl" "^0.39.1"
    "@material/theme" "^0.39.1"

"@material/checkbox@^0.39.1":
  version "0.39.3"
  resolved "https://registry.yarnpkg.com/@material/checkbox/-/checkbox-0.39.3.tgz#4be6bffbe0b6bfcd987bbe9567d17a17738af9fa"
  integrity sha512-9mVGnsuWJqQtTJlTaV6QY916w7mNBA1m2vdRrGGcAE30svp0fb9SSOaPxZ8aC7GcRTBk+WafHbN9ZYjJQSURkA==
  dependencies:
    "@material/animation" "^0.39.0"
    "@material/base" "^0.39.0"
    "@material/ripple" "^0.39.3"
    "@material/rtl" "^0.39.1"
    "@material/selection-control" "^0.39.3"
    "@material/theme" "^0.39.1"

"@material/elevation@^0.38.0":
  version "0.38.0"
  resolved "https://registry.yarnpkg.com/@material/elevation/-/elevation-0.38.0.tgz#c7f8d0c9a28073b0ec62cb76248b76d5ff467bf8"
  integrity sha512-uceP/4qL6U1cyY4mc/CHF6msceQwICAt2LD+hTAEKFTTFSLNsvZxqB+Oa7Yq7O5Wl9iBt2RAHtCiT5R/ACUa2Q==
  dependencies:
    "@material/animation" "^0.34.0"
    "@material/theme" "^0.38.0"

"@material/elevation@^0.39.1":
  version "0.39.1"
  resolved "https://registry.yarnpkg.com/@material/elevation/-/elevation-0.39.1.tgz#43bb1fe6a0f71332ae11dc18505a8b7cec343dde"
  integrity sha512-ir0lqwpkXhJxUQ6KdCTsM2wZze3Oc54knUMbCUnitOWzIRBvlXUO0zlpld5pj3Mb6ApESA6BiaJb4JfEZmX2MA==
  dependencies:
    "@material/animation" "^0.39.0"
    "@material/theme" "^0.39.1"

"@material/fab@^0.39.0":
  version "0.39.3"
  resolved "https://registry.yarnpkg.com/@material/fab/-/fab-0.39.3.tgz#bb38c5af34528afefb08e159bf6db7b8ee14e391"
  integrity sha512-pCsl9DBk/TjtHub5BlyxHNT0mviNWKP8F++qCR1i2yZYombdRjeJ/IJsvZImM8jm2MNYhpnuQtQXzXbxBB8F3Q==
  dependencies:
    "@material/animation" "^0.39.0"
    "@material/elevation" "^0.39.1"
    "@material/ripple" "^0.39.3"
    "@material/rtl" "^0.39.1"
    "@material/theme" "^0.39.1"
    "@material/typography" "^0.39.0"

"@material/floating-label@^0.38.0":
  version "0.38.0"
  resolved "https://registry.yarnpkg.com/@material/floating-label/-/floating-label-0.38.0.tgz#557771f8b9d05d0cd7ec6b3bb13ebb0d24d65ab5"
  integrity sha512-ga+7ELYrkiRYMHqkLOnCKaQUvGowMYXqML3I7hBhs3eEchTjx42U7bfTSqbfdiNG1F9+cOcSOWTKug2VOkYlkg==
  dependencies:
    "@material/base" "^0.35.0"
    "@material/rtl" "^0.36.0"
    "@material/theme" "^0.38.0"
    "@material/typography" "^0.38.0"

"@material/floating-label@^0.39.1":
  version "0.39.1"
  resolved "https://registry.yarnpkg.com/@material/floating-label/-/floating-label-0.39.1.tgz#8e5f2144460086ee8d586d6715cf0ed1707d3406"
  integrity sha512-Ry833abXfBsjdNTRkjSfsSzhV4RQ0BilvpRnP+6uf10f5A8UVK3rTBMJv3TtF/7wwojJtbgf8wAJz0JhZW/7oQ==
  dependencies:
    "@material/base" "^0.39.0"
    "@material/rtl" "^0.39.1"
    "@material/theme" "^0.39.1"
    "@material/typography" "^0.39.0"

"@material/form-field@^0.39.1":
  version "0.39.3"
  resolved "https://registry.yarnpkg.com/@material/form-field/-/form-field-0.39.3.tgz#bbd149a526bb0c297357d046662be5731d430350"
  integrity sha512-F/p5gZuk3kUDuu3vN+wtttc8Av1BHmj2eDCGNzcg4snK8GqIMEwxl+klbIpkrOA9bQ7C69PKeOGKgoFRisT4eQ==
  dependencies:
    "@material/base" "^0.39.0"
    "@material/rtl" "^0.39.1"
    "@material/selection-control" "^0.39.3"
    "@material/theme" "^0.39.1"
    "@material/typography" "^0.39.0"

"@material/icon-button@^0.39.0":
  version "0.39.3"
  resolved "https://registry.yarnpkg.com/@material/icon-button/-/icon-button-0.39.3.tgz#389fb123c0c0923e05f6e6a6621b8f334fae4ce2"
  integrity sha512-qogYy2MCC3PjOZt+93fD9sWgFYOVexXF3xjiZhDuP3zBy4fdSfaq0xx6P3vPZDEgG6JgDkedRuM6EBAU8FfU3A==
  dependencies:
    "@material/base" "^0.39.0"
    "@material/ripple" "^0.39.3"
    "@material/theme" "^0.39.1"

"@material/line-ripple@^0.38.0":
  version "0.38.0"
  resolved "https://registry.yarnpkg.com/@material/line-ripple/-/line-ripple-0.38.0.tgz#e70fec82bfd0b718efcbc72c52210e45bd31bcf9"
  integrity sha512-HdfU0J1Q3CT2Z/H4aBEKGRTd7K33WhhQkieI4NGGyKSx4uwiRyr61i44Oo+YHK+fVqPjh+aMSjQU3wAfu3vSvA==
  dependencies:
    "@material/animation" "^0.34.0"
    "@material/base" "^0.35.0"
    "@material/theme" "^0.38.0"

"@material/line-ripple@^0.39.3":
  version "0.39.3"
  resolved "https://registry.yarnpkg.com/@material/line-ripple/-/line-ripple-0.39.3.tgz#4db9d5ea56f5a4745704627d1e96008716fa471e"
  integrity sha512-EWAWVYhRUWKWVeKFjntiNKe9OF99jwxxsj4j7FVgVD/XCCqDC5GpUEnIP8pjRVCFzmrO8Io3V5x8BipqSlOqUA==
  dependencies:
    "@material/animation" "^0.39.0"
    "@material/base" "^0.39.0"
    "@material/theme" "^0.39.1"

"@material/notched-outline@^0.38.0":
  version "0.38.0"
  resolved "https://registry.yarnpkg.com/@material/notched-outline/-/notched-outline-0.38.0.tgz#75ae05a79cdd6a3761d8ddf3afd763c1450c22c8"
  integrity sha512-XDTVXyQ2TR/9Qa66F1UYBSbf5f0IVFJFjiF8TXyIkoqrP6l7Wauj+UvJpinwCPk/6KoZtj29sh6ToGQiHdVIJA==
  dependencies:
    "@material/animation" "^0.34.0"
    "@material/base" "^0.35.0"
    "@material/theme" "^0.38.0"

"@material/notched-outline@^0.39.1":
  version "0.39.1"
  resolved "https://registry.yarnpkg.com/@material/notched-outline/-/notched-outline-0.39.1.tgz#bd6d5adc2a0c5f63bb1ab4e1db7d43f37e488fa9"
  integrity sha512-EONvwh31IMeTChz6eqg/rMndfWaRTd/tqjR0dXSaimu4NBDBnPnUq6A4vVhBuAFFIjHU48Jw6HplnfqqDRMN1g==
  dependencies:
    "@material/animation" "^0.39.0"
    "@material/base" "^0.39.0"
    "@material/rtl" "^0.39.1"
    "@material/theme" "^0.39.1"

"@material/react-button@^0.4.2":
  version "0.4.2"
  resolved "https://registry.yarnpkg.com/@material/react-button/-/react-button-0.4.2.tgz#55f617f8a3aa589d1b0435e94ca603bf91c53e84"
  integrity sha512-qHLpCh7dZZojc9hS8iT0Njd0PQ0B1al31LkXg7C1kIRUe/fSlDqc5UPrzvA1zP+76olIPkUId2hCVRs2nrFtXQ==
  dependencies:
    "@material/button" "^0.38.1"
    "@material/react-ripple" "^0.4.2"
    classnames "^2.2.5"
    prop-types "^15.6.1"
    react "^16.3.2"

"@material/react-floating-label@^0.4.1":
  version "0.4.1"
  resolved "https://registry.yarnpkg.com/@material/react-floating-label/-/react-floating-label-0.4.1.tgz#a17f1eb74b53b860c385c1bc15378022d2628841"
  integrity sha512-3Peqixj8W++CS563EBzGeIlndHGIFFtJwIE+CGBihA8152KS2FSHcAyIf9eiiIB/g8On6NGcFXvHnsOAKcB3Jg==
  dependencies:
    "@material/floating-label" "^0.38.0"
    classnames "^2.2.5"
    prop-types "^15.6.1"
    react "^16.3.0"

"@material/react-line-ripple@^0.4.1":
  version "0.4.1"
  resolved "https://registry.yarnpkg.com/@material/react-line-ripple/-/react-line-ripple-0.4.1.tgz#4e07014c980f45a4c7212cd04f835b5ef4823c93"
  integrity sha512-962JKzPbB5x+E6ly2wqt+nwfYHXsOHIjHwAfQFcqgh5neQXbmjnoOnZcxEKx9XNk0ZXAStmdCEGpAhVy/02V8Q==
  dependencies:
    "@material/line-ripple" "^0.38.0"
    classnames "^2.2.5"
    prop-types "^15.6.1"
    react "^16.3.2"

"@material/react-material-icon@^0.4.2":
  version "0.4.2"
  resolved "https://registry.yarnpkg.com/@material/react-material-icon/-/react-material-icon-0.4.2.tgz#a532c0739bed3c7fea9624fa9661659f9ef997db"
  integrity sha512-1z2V/oiY7oxcYIpb6Pc/KQe63nAsHZjWy10WX/eRoA1QtZjqZzAwkvHw6yWFwUblmwt6OiP01m+UcBYFa/lxrA==
  dependencies:
    "@material/react-ripple" "^0.4.2"
    classnames "^2.2.5"
    prop-types "^15.6.1"
    react "^16.3.2"

"@material/react-notched-outline@^0.4.1":
  version "0.4.1"
  resolved "https://registry.yarnpkg.com/@material/react-notched-outline/-/react-notched-outline-0.4.1.tgz#3da419cb89e68fea8ca30ff2dba901657e974c97"
  integrity sha512-uNSWT3LuI9fakQNKllFdQpgD5DJHK2K4l3ardj/ttQdCi/RYCVeXlVbk+2SxFuxCDpq4y0ZagHa194OkyA0Dhw==
  dependencies:
    "@material/notched-outline" "^0.38.0"
    classnames "^2.2.5"
    prop-types "^15.6.1"
    react "^16.3.2"

"@material/react-ripple@^0.4.2":
  version "0.4.2"
  resolved "https://registry.yarnpkg.com/@material/react-ripple/-/react-ripple-0.4.2.tgz#1e57d42617433cc9f8955ac049367418a10410f0"
  integrity sha512-OvxyZDFVCjubKyVbA083xUnBOm/gGULRGT2Q/L8eLmaoq8ZdBZ1xf25/3IUlW6NIH08/UIdJ9/RtvwdS4YMU2g==
  dependencies:
    "@material/ripple" "^0.38.1"
    classnames "^2.2.5"
    prop-types "^15.6.1"
    react "^16.3.2"

"@material/react-select@^0.4.2":
  version "0.4.2"
  resolved "https://registry.yarnpkg.com/@material/react-select/-/react-select-0.4.2.tgz#1a33be24a4adf13c0a21563b07022af3b861865e"
  integrity sha512-sphjTdaUhXQX9uCpZjKbLlCGpDsS57qqKElwvIb0dYQm5yCK2+QGkjHgdHKpvM11c74+GKmtwG5NIP5H/TjntQ==
  dependencies:
    "@material/react-floating-label" "^0.4.1"
    "@material/react-line-ripple" "^0.4.1"
    "@material/react-notched-outline" "^0.4.1"
    "@material/select" "^0.38.1"
    classnames "^2.2.5"
    prop-types "^15.6.1"
    react "^16.3.2"

"@material/react-text-field@^0.4.2":
  version "0.4.2"
  resolved "https://registry.yarnpkg.com/@material/react-text-field/-/react-text-field-0.4.2.tgz#909bb34054cc9c35468fde222ea81ec07032ed3a"
  integrity sha512-mWCKBz10YrllOoHVIPvu2+byWjsXvtg8fCQZcrYk5ZjCciKajIb/R/AB8xDWtl02vjZI3ScJ+Alp5Owi0fNwpw==
  dependencies:
    "@material/react-floating-label" "^0.4.1"
    "@material/react-line-ripple" "^0.4.1"
    "@material/react-notched-outline" "^0.4.1"
    "@material/textfield" "^0.38.1"
    classnames "^2.2.5"
    prop-types "^15.6.1"
    react "^16.3.2"

"@material/react-top-app-bar@^0.4.2":
  version "0.4.2"
  resolved "https://registry.yarnpkg.com/@material/react-top-app-bar/-/react-top-app-bar-0.4.2.tgz#54254b1fab7860a9881d690fe55c03490ac7a1d0"
  integrity sha512-EOrJ1YaF5hluY1bzh7m5xJ7xAgbEQNTJspRwk48WfBWkUPhDGzormtABPEm9kngbwGOioMClY28KQ7TdVyQjXQ==
  dependencies:
    "@material/top-app-bar" "^0.38.1"
    classnames "^2.2.5"
    prop-types "^15.6.1"
    react "^16.3.2"

"@material/ripple@^0.38.1":
  version "0.38.1"
  resolved "https://registry.yarnpkg.com/@material/ripple/-/ripple-0.38.1.tgz#74e61ed28e7680e0fd990fa50fa1949da456b3cb"
  integrity sha512-Y7fmJCEJMfJFkyDCEHkBR66tHqy4JAlG49rk0cI0/xdAFmAKyqUcpJiVwhF+pC8Fad90Wi3G93xu/ig7dvz1bA==
  dependencies:
    "@material/animation" "^0.34.0"
    "@material/base" "^0.35.0"
    "@material/theme" "^0.38.0"

"@material/ripple@^0.39.0", "@material/ripple@^0.39.3":
  version "0.39.3"
  resolved "https://registry.yarnpkg.com/@material/ripple/-/ripple-0.39.3.tgz#4ff7a8fec5d5206f0da72a78d026529b53b7d564"
  integrity sha512-MwQjgwK9h13MdKGJT3RTDf9NjCoAS3LmnFpz1fxXgExA1QnoUbB1o7cEaPmqAtZopKVDCf52w1l6Mpf9qEhnCQ==
  dependencies:
    "@material/animation" "^0.39.0"
    "@material/base" "^0.39.0"
    "@material/theme" "^0.39.1"

"@material/rtl@^0.36.0":
  version "0.36.0"
  resolved "https://registry.yarnpkg.com/@material/rtl/-/rtl-0.36.0.tgz#a81b587981dc6e09f51e26da8a7447f89358ccd5"
  integrity sha512-uCMwWGdKG0ooYh1kVINz7vTgSY++9wnvU3kOqjRdfOY+PZHWSa/X/EqRdE9Q1pUFwYlQeU2PXE/Z2dTK/nlziw==

"@material/rtl@^0.39.1":
  version "0.39.1"
  resolved "https://registry.yarnpkg.com/@material/rtl/-/rtl-0.39.1.tgz#dcaf6f93fc6cd540137edb352139dc8139bca436"
  integrity sha512-6RcXv6tQladbl+SboEHUykiDAz7dE5DjBuLNV0KD7yEUCcUV41WXZ5e4oUd1nDWnK0vHzFtNM7D6BGMPZ2T3zA==

"@material/select@^0.38.1":
  version "0.38.1"
  resolved "https://registry.yarnpkg.com/@material/select/-/select-0.38.1.tgz#149c1ddf5146dd6cec052e06b41638b28c7085ea"
  integrity sha512-42eaR3CkK6DU011BBUG10dG0MsTf01dGtGaJ4Mu4fA2y/XqY1Au9/fLVOWLHWVEPCJNNXytYyNY6D83u7joqZg==
  dependencies:
    "@material/animation" "^0.34.0"
    "@material/base" "^0.35.0"
    "@material/floating-label" "^0.38.0"
    "@material/line-ripple" "^0.38.0"
    "@material/notched-outline" "^0.38.0"
    "@material/ripple" "^0.38.1"
    "@material/rtl" "^0.36.0"
    "@material/theme" "^0.38.0"
    "@material/typography" "^0.38.0"

"@material/select@^0.39.1":
  version "0.39.3"
  resolved "https://registry.yarnpkg.com/@material/select/-/select-0.39.3.tgz#d4766ec463b00ded2c6424566fb824155d6efe8c"
  integrity sha512-PW7LUt4YqZj3g2WVFbNjIR/igQYkmBe8oeEBjsHKMzWJkqABi+3koeEHCu+YuqaGT/yHwyocGia8y2QNvpn5jA==
  dependencies:
    "@material/animation" "^0.39.0"
    "@material/base" "^0.39.0"
    "@material/floating-label" "^0.39.1"
    "@material/line-ripple" "^0.39.3"
    "@material/notched-outline" "^0.39.1"
    "@material/ripple" "^0.39.3"
    "@material/rtl" "^0.39.1"
    "@material/theme" "^0.39.1"
    "@material/typography" "^0.39.0"

"@material/selection-control@^0.39.3":
  version "0.39.3"
  resolved "https://registry.yarnpkg.com/@material/selection-control/-/selection-control-0.39.3.tgz#2ccdb4e07a7446e462ead824796a8ef18cc27720"
  integrity sha512-Aia0R7/MuW3Whjj8fQnNzINAvQosL7d9+5M/kut657P6u+7KLUQJr204GU8cWvxGthG85XneWz3hDTGjhqagiw==
  dependencies:
    "@material/ripple" "^0.39.3"

"@material/slider@^0.39.1":
  version "0.39.1"
  resolved "https://registry.yarnpkg.com/@material/slider/-/slider-0.39.1.tgz#3662f8a3bc9ae353d77b70ee921063162e03a255"
  integrity sha512-pv3FrqLgEGqzt4CoN94SGIND9YyGp39NFIk5h9OruQZah8zjPm2lh7CGJ9UkkMGR7Zpxm44E+eqjvEli9LNniw==
  dependencies:
    "@material/animation" "^0.39.0"
    "@material/base" "^0.39.0"
    "@material/rtl" "^0.39.1"
    "@material/theme" "^0.39.1"

"@material/switch@^0.39.1":
  version "0.39.3"
  resolved "https://registry.yarnpkg.com/@material/switch/-/switch-0.39.3.tgz#c7afdd2f13747e97ee3a7f223cedce84fe940fc1"
  integrity sha512-2R/rAOlJjvAsfPBIL6yClAGBFINt3T4YVCMIrFx2PuWxpRZbiqbEoUlESIf5r5xXrTPtaMLvX8j7BJbtYXGi9A==
  dependencies:
    "@material/animation" "^0.39.0"
    "@material/base" "^0.39.0"
    "@material/elevation" "^0.39.1"
    "@material/ripple" "^0.39.3"
    "@material/rtl" "^0.39.1"
    "@material/selection-control" "^0.39.3"
    "@material/theme" "^0.39.1"

"@material/textfield@^0.38.1":
  version "0.38.1"
  resolved "https://registry.yarnpkg.com/@material/textfield/-/textfield-0.38.1.tgz#f0dc2d7b534a51845a84f71fbd8199b6cc0b5130"
  integrity sha512-ymgDVc1W0ToMVnzfjlhATXHgVDST3zqMKfrI7u4eHkXm5v4eaH2SWlIUDBJDUAKtvcHq1BmAhzB3CcWweLw0qw==
  dependencies:
    "@material/animation" "^0.34.0"
    "@material/base" "^0.35.0"
    "@material/floating-label" "^0.38.0"
    "@material/line-ripple" "^0.38.0"
    "@material/notched-outline" "^0.38.0"
    "@material/ripple" "^0.38.1"
    "@material/rtl" "^0.36.0"
    "@material/theme" "^0.38.0"
    "@material/typography" "^0.38.0"

"@material/textfield@^0.39.1":
  version "0.39.3"
  resolved "https://registry.yarnpkg.com/@material/textfield/-/textfield-0.39.3.tgz#38520fad2615cceb0406d6e9b28f3afee749d7b1"
  integrity sha512-FGCyA4fCjUkw8PCQoLAlVKR7Cd0scw4036Lk0l5SBd7DwZQ6Rq63wAx0kbE5CLovysoonU6xBSwsnAfN8uUSDg==
  dependencies:
    "@material/animation" "^0.39.0"
    "@material/base" "^0.39.0"
    "@material/floating-label" "^0.39.1"
    "@material/line-ripple" "^0.39.3"
    "@material/notched-outline" "^0.39.1"
    "@material/ripple" "^0.39.3"
    "@material/rtl" "^0.39.1"
    "@material/theme" "^0.39.1"
    "@material/typography" "^0.39.0"

"@material/theme@^0.38.0":
  version "0.38.0"
  resolved "https://registry.yarnpkg.com/@material/theme/-/theme-0.38.0.tgz#c1a2247eba4af2ba47da4456921ab420869fda55"
  integrity sha512-mP5+qgICPm/0dD3hKa/hMd8AHerkAaLJgEsvBwTXi+N/kpPo9LIrHg40DvUGPs5w6KD9PUuskb3WGBvYcToHvA==

"@material/theme@^0.39.1":
  version "0.39.1"
  resolved "https://registry.yarnpkg.com/@material/theme/-/theme-0.39.1.tgz#5fb160222e2b213628b285af26ca65c6f4327fe5"
  integrity sha512-c7xjzzHdF4kBl66VJfATBAV9cwD/6TOyVPOWiK5rPxmu9g7uEAe1HmupqJRR1pMFCPX2w85gfvIsxh79EU6YJA==

"@material/top-app-bar@^0.38.1":
  version "0.38.1"
  resolved "https://registry.yarnpkg.com/@material/top-app-bar/-/top-app-bar-0.38.1.tgz#e3dd6fa59c9510c99d311840272f6b93fca62e08"
  integrity sha512-rnjYLgzPVpTwsBSQiimZt5YvxuN/+D+rRm00gJmlvUCmkYyq63ItycHkydSf4vCIo0tzuoyHoQS9dgVq1UUCqQ==
  dependencies:
    "@material/animation" "^0.34.0"
    "@material/base" "^0.35.0"
    "@material/elevation" "^0.38.0"
    "@material/ripple" "^0.38.1"
    "@material/rtl" "^0.36.0"
    "@material/theme" "^0.38.0"
    "@material/typography" "^0.38.0"

"@material/typography@^0.38.0":
  version "0.38.0"
  resolved "https://registry.yarnpkg.com/@material/typography/-/typography-0.38.0.tgz#fff8e4f25c5ef7b0afb5ed414bc700981e431703"
  integrity sha512-g2wigBZXSXwrZtibt6sbPO1eM2IROdo9Jk7ffGIb7GuYGLD92hWWzxusaOg4W/rcsBkWMdfquydRL3Q4HFnS2g==

"@material/typography@^0.39.0":
  version "0.39.0"
  resolved "https://registry.yarnpkg.com/@material/typography/-/typography-0.39.0.tgz#7d7468673e104609d926528ffe5571cfd44d8c3c"
  integrity sha512-S7YTR2mXuAaPvsgX6jyT1YvWQhH2xHWi+SKJvlunoF/Dw6vq6Ud+APmqigHVRPNCcFt4zkbM7C64IxYjjkIApQ==

"@types/prop-types@*":
  version "15.7.0"
  resolved "https://registry.yarnpkg.com/@types/prop-types/-/prop-types-15.7.0.tgz#4c48fed958d6dcf9487195a0ef6456d5f6e0163a"
  integrity sha512-eItQyV43bj4rR3JPV0Skpl1SncRCdziTEK9/v8VwXmV6d/qOUO8/EuWeHBbCZcsfSHfzI5UyMJLCSXtxxznyZg==

"@types/react@^16.8":
  version "16.8.4"
  resolved "https://registry.yarnpkg.com/@types/react/-/react-16.8.4.tgz#134307f5266e866d5e7c25e47f31f9abd5b2ea34"
  integrity sha512-Mpz1NNMJvrjf0GcDqiK8+YeOydXfD8Mgag3UtqQ5lXYTsMnOiHcKmO48LiSWMb1rSHB9MV/jlgyNzeAVxWMZRQ==
  dependencies:
    "@types/prop-types" "*"
    csstype "^2.2.0"

asap@~2.0.3:
  version "2.0.6"
  resolved "https://registry.yarnpkg.com/asap/-/asap-2.0.6.tgz#e50347611d7e690943208bbdafebcbc2fb866d46"
  integrity sha1-5QNHYR1+aQlDIIu9r+vLwvuGbUY=

base64-js@^1.0.2:
  version "1.3.0"
  resolved "https://registry.yarnpkg.com/base64-js/-/base64-js-1.3.0.tgz#cab1e6118f051095e58b5281aea8c1cd22bfc0e3"
  integrity sha512-ccav/yGvoa80BQDljCxsmmQ3Xvx60/UpBIij5QN21W3wBi/hhIC9OoO+KLpu9IJTS9j4DRVJ3aDDF9cMSoa2lw==

buffer@^5.0.3:
  version "5.2.1"
  resolved "https://registry.yarnpkg.com/buffer/-/buffer-5.2.1.tgz#dd57fa0f109ac59c602479044dca7b8b3d0b71d6"
  integrity sha512-c+Ko0loDaFfuPWiL02ls9Xd3GO3cPVmUobQ6t3rXNUk304u6hGq+8N/kFi+QEIKhzK3uwolVhLzszmfLmMLnqg==
  dependencies:
    base64-js "^1.0.2"
    ieee754 "^1.1.4"

camelize@^1.0.0:
  version "1.0.0"
  resolved "https://registry.yarnpkg.com/camelize/-/camelize-1.0.0.tgz#164a5483e630fa4321e5af07020e531831b2609b"
  integrity sha1-FkpUg+Yw+kMh5a8HAg5TGDGyYJs=

classnames@^2.2.5:
  version "2.2.6"
  resolved "https://registry.yarnpkg.com/classnames/-/classnames-2.2.6.tgz#43935bffdd291f326dad0a205309b38d00f650ce"
  integrity sha512-JR/iSQOSt+LQIWwrwEzJ9uk0xfN3mTVYMwt1Ir5mUcSN6pU+V4zQFFaJsclJbPuAUQH+yfWef6tm7l1quW3C8Q==

core-js@^1.0.0:
  version "1.2.7"
  resolved "https://registry.yarnpkg.com/core-js/-/core-js-1.2.7.tgz#652294c14651db28fa93bd2d5ff2983a4f08c636"
  integrity sha1-ZSKUwUZR2yj6k70tX/KYOk8IxjY=

css-color-keywords@^1.0.0:
  version "1.0.0"
  resolved "https://registry.yarnpkg.com/css-color-keywords/-/css-color-keywords-1.0.0.tgz#fea2616dc676b2962686b3af8dbdbe180b244e05"
  integrity sha1-/qJhbcZ2spYmhrOvjb2+GAskTgU=

css-to-react-native@^2.0.3:
  version "2.3.1"
  resolved "https://registry.yarnpkg.com/css-to-react-native/-/css-to-react-native-2.3.1.tgz#cf0f61e0514846e2d4dc188b0886e29d8bef64a2"
  integrity sha512-yO+oEx1Lf+hDKasqQRVrAvzMCz825Huh1VMlEEDlRWyAhFb/FWb6I0KpEF1PkyKQ7NEdcx9d5M2ZEWgJAsgPvQ==
  dependencies:
    camelize "^1.0.0"
    css-color-keywords "^1.0.0"
    postcss-value-parser "^3.3.0"

csstype@^2.2.0:
  version "2.6.1"
  resolved "https://registry.yarnpkg.com/csstype/-/csstype-2.6.1.tgz#4cfbf637a577497036ebcd7e32647ef19a0b8076"
  integrity sha512-wv7IRqCGsL7WGKB8gPvrl+++HlFM9kxAM6jL1EXNPNTshEJYilMkbfS2SnuHha77uosp/YVK0wAp2jmlBzn1tg==

encoding@^0.1.11:
  version "0.1.12"
  resolved "https://registry.yarnpkg.com/encoding/-/encoding-0.1.12.tgz#538b66f3ee62cd1ab51ec323829d1f9480c74beb"
  integrity sha1-U4tm8+5izRq1HsMjgp0flIDHS+s=
  dependencies:
    iconv-lite "~0.4.13"

fbjs@^0.8.16:
  version "0.8.17"
  resolved "https://registry.yarnpkg.com/fbjs/-/fbjs-0.8.17.tgz#c4d598ead6949112653d6588b01a5cdcd9f90fdd"
  integrity sha1-xNWY6taUkRJlPWWIsBpc3Nn5D90=
  dependencies:
    core-js "^1.0.0"
    isomorphic-fetch "^2.1.1"
    loose-envify "^1.0.0"
    object-assign "^4.1.0"
    promise "^7.1.1"
    setimmediate "^1.0.5"
    ua-parser-js "^0.7.18"

has-flag@^1.0.0:
  version "1.0.0"
  resolved "https://registry.yarnpkg.com/has-flag/-/has-flag-1.0.0.tgz#9d9e793165ce017a00f00418c43f942a7b1d11fa"
  integrity sha1-nZ55MWXOAXoA8AQYxD+UKnsdEfo=

hoist-non-react-statics@^2.5.0:
  version "2.5.5"
  resolved "https://registry.yarnpkg.com/hoist-non-react-statics/-/hoist-non-react-statics-2.5.5.tgz#c5903cf409c0dfd908f388e619d86b9c1174cb47"
  integrity sha512-rqcy4pJo55FTTLWt+bU8ukscqHeE/e9KWvsOW2b/a3afxQZhwkQdT1rPPCJ0rYXdj4vNcasY8zHTH+jF/qStxw==

iconv-lite@~0.4.13:
  version "0.4.24"
  resolved "https://registry.yarnpkg.com/iconv-lite/-/iconv-lite-0.4.24.tgz#2022b4b25fbddc21d2f524974a474aafe733908b"
  integrity sha512-v3MXnZAcvnywkTUEZomIActle7RXXeedOR31wwl7VlyoXO4Qi9arvSenNQWne1TcRwhCL1HwLI21bEqdpj8/rA==
  dependencies:
    safer-buffer ">= 2.1.2 < 3"

ieee754@^1.1.4:
  version "1.1.13"
  resolved "https://registry.yarnpkg.com/ieee754/-/ieee754-1.1.13.tgz#ec168558e95aa181fd87d37f55c32bbcb6708b84"
  integrity sha512-4vf7I2LYV/HaWerSo3XmlMkp5eZ83i+/CDluXi/IGTs/O1sejBNhTtnxzmRZfvOUqj7lZjqHkeTvpgSFDlWZTg==

is-stream@^1.0.1:
  version "1.1.0"
  resolved "https://registry.yarnpkg.com/is-stream/-/is-stream-1.1.0.tgz#12d4a3dd4e68e0b79ceb8dbc84173ae80d91ca44"
  integrity sha1-EtSj3U5o4Lec6428hBc66A2RykQ=

isomorphic-fetch@^2.1.1:
  version "2.2.1"
  resolved "https://registry.yarnpkg.com/isomorphic-fetch/-/isomorphic-fetch-2.2.1.tgz#611ae1acf14f5e81f729507472819fe9733558a9"
  integrity sha1-YRrhrPFPXoH3KVB0coGf6XM1WKk=
  dependencies:
    node-fetch "^1.0.1"
    whatwg-fetch ">=0.10.0"

"js-tokens@^3.0.0 || ^4.0.0":
  version "4.0.0"
  resolved "https://registry.yarnpkg.com/js-tokens/-/js-tokens-4.0.0.tgz#19203fb59991df98e3a287050d4647cdeaf32499"
  integrity sha512-RdJUflcE3cUzKiMqQgsCu06FPu9UdIJO0beYbPhHN4k6apgJtifcoCtT9bcxOpYBtpD2kCM6Sbzg4CausW/PKQ==

loose-envify@^1.0.0, loose-envify@^1.1.0, loose-envify@^1.4.0:
  version "1.4.0"
  resolved "https://registry.yarnpkg.com/loose-envify/-/loose-envify-1.4.0.tgz#71ee51fa7be4caec1a63839f7e682d8132d30caf"
  integrity sha512-lyuxPGr/Wfhrlem2CL/UcnUc1zcqKAImBDzukY7Y5F/yQiNdko6+fRLevlw1HgMySw7f611UIY408EtxRSoK3Q==
  dependencies:
    js-tokens "^3.0.0 || ^4.0.0"

node-fetch@^1.0.1:
  version "1.7.3"
  resolved "https://registry.yarnpkg.com/node-fetch/-/node-fetch-1.7.3.tgz#980f6f72d85211a5347c6b2bc18c5b84c3eb47ef"
  integrity sha512-NhZ4CsKx7cYm2vSrBAr2PvFOe6sWDf0UYLRqA6svUYg7+/TSfVAu49jYC4BvQ4Sms9SZgdqGBgroqfDhJdTyKQ==
  dependencies:
    encoding "^0.1.11"
    is-stream "^1.0.1"

object-assign@^4.1.0, object-assign@^4.1.1:
  version "4.1.1"
  resolved "https://registry.yarnpkg.com/object-assign/-/object-assign-4.1.1.tgz#2109adc7965887cfc05cbbd442cac8bfbb360863"
  integrity sha1-IQmtx5ZYh8/AXLvUQsrIv7s2CGM=

postcss-value-parser@^3.3.0:
  version "3.3.1"
  resolved "https://registry.yarnpkg.com/postcss-value-parser/-/postcss-value-parser-3.3.1.tgz#9ff822547e2893213cf1c30efa51ac5fd1ba8281"
  integrity sha512-pISE66AbVkp4fDQ7VHBwRNXzAAKJjw4Vw7nWI/+Q3vuly7SNfgYXvm6i5IgFylHGK5sP/xHAbB7N49OS4gWNyQ==

promise@^7.1.1:
  version "7.3.1"
  resolved "https://registry.yarnpkg.com/promise/-/promise-7.3.1.tgz#064b72602b18f90f29192b8b1bc418ffd1ebd3bf"
  integrity sha512-nolQXZ/4L+bP/UGlkfaIujX9BKxGwmQ9OT4mOt5yvy8iK1h3wqTEJCijzGANTCCl9nWjY41juyAn2K3Q1hLLTg==
  dependencies:
    asap "~2.0.3"

prop-types@^15.5.4, prop-types@^15.6.1, prop-types@^15.6.2:
  version "15.7.2"
  resolved "https://registry.yarnpkg.com/prop-types/-/prop-types-15.7.2.tgz#52c41e75b8c87e72b9d9360e0206b99dcbffa6c5"
  integrity sha512-8QQikdH7//R2vurIJSutZ1smHYTcLpRWEOlHnzcWHmBYrOGUysKwSsrC89BCiFj3CbrfJ/nXFdJepOVrY1GCHQ==
  dependencies:
    loose-envify "^1.4.0"
    object-assign "^4.1.1"
    react-is "^16.8.1"

react-is@^16.3.1, react-is@^16.8.1:
  version "16.8.6"
  resolved "https://registry.yarnpkg.com/react-is/-/react-is-16.8.6.tgz#5bbc1e2d29141c9fbdfed456343fe2bc430a6a16"
  integrity sha512-aUk3bHfZ2bRSVFFbbeVS4i+lNPZr3/WM5jT2J5omUVV1zzcs1nAaf3l51ctA5FFvCRbhrH0bdAsRRQddFJZPtA==

react@^16.3.0, react@^16.3.2:
  version "16.8.6"
  resolved "https://registry.yarnpkg.com/react/-/react-16.8.6.tgz#ad6c3a9614fd3a4e9ef51117f54d888da01f2bbe"
  integrity sha512-pC0uMkhLaHm11ZSJULfOBqV4tIZkx87ZLvbbQYunNixAAvjnC+snJCg0XQXn9VIsttVsbZP/H/ewzgsd5fxKXw==
  dependencies:
    loose-envify "^1.1.0"
    object-assign "^4.1.1"
    prop-types "^15.6.2"
    scheduler "^0.13.6"

"safer-buffer@>= 2.1.2 < 3":
  version "2.1.2"
  resolved "https://registry.yarnpkg.com/safer-buffer/-/safer-buffer-2.1.2.tgz#44fa161b0187b9549dd84bb91802f9bd8385cd6a"
  integrity sha512-YZo3K82SD7Riyi0E1EQPojLz7kpepnSQI9IyPbHHg1XXXevb5dJI7tpyN2ADxGcQbHG7vcyRHk0cbwqcQriUtg==

scheduler@^0.13.6:
  version "0.13.6"
  resolved "https://registry.yarnpkg.com/scheduler/-/scheduler-0.13.6.tgz#466a4ec332467b31a91b9bf74e5347072e4cd889"
  integrity sha512-IWnObHt413ucAYKsD9J1QShUKkbKLQQHdxRyw73sw4FN26iWr3DY/H34xGPe4nmL1DwXyWmSWmMrA9TfQbE/XQ==
  dependencies:
    loose-envify "^1.1.0"
    object-assign "^4.1.1"

setimmediate@^1.0.5:
  version "1.0.5"
  resolved "https://registry.yarnpkg.com/setimmediate/-/setimmediate-1.0.5.tgz#290cbb232e306942d7d7ea9b83732ab7856f8285"
  integrity sha1-KQy7Iy4waULX1+qbg3Mqt4VvgoU=

styled-components@^3.4.5:
  version "3.4.10"
  resolved "https://registry.yarnpkg.com/styled-components/-/styled-components-3.4.10.tgz#9a654c50ea2b516c36ade57ddcfa296bf85c96e1"
  integrity sha512-TA8ip8LoILgmSAFd3r326pKtXytUUGu5YWuqZcOQVwVVwB6XqUMn4MHW2IuYJ/HAD81jLrdQed8YWfLSG1LX4Q==
  dependencies:
    buffer "^5.0.3"
    css-to-react-native "^2.0.3"
    fbjs "^0.8.16"
    hoist-non-react-statics "^2.5.0"
    prop-types "^15.5.4"
    react-is "^16.3.1"
    stylis "^3.5.0"
    stylis-rule-sheet "^0.0.10"
    supports-color "^3.2.3"

stylis-rule-sheet@^0.0.10:
  version "0.0.10"
  resolved "https://registry.yarnpkg.com/stylis-rule-sheet/-/stylis-rule-sheet-0.0.10.tgz#44e64a2b076643f4b52e5ff71efc04d8c3c4a430"
  integrity sha512-nTbZoaqoBnmK+ptANthb10ZRZOGC+EmTLLUxeYIuHNkEKcmKgXX1XWKkUBT2Ac4es3NybooPe0SmvKdhKJZAuw==

stylis@^3.5.0:
  version "3.5.4"
  resolved "https://registry.yarnpkg.com/stylis/-/stylis-3.5.4.tgz#f665f25f5e299cf3d64654ab949a57c768b73fbe"
  integrity sha512-8/3pSmthWM7lsPBKv7NXkzn2Uc9W7NotcwGNpJaa3k7WMM1XDCA4MgT5k/8BIexd5ydZdboXtU90XH9Ec4Bv/Q==

supports-color@^3.2.3:
  version "3.2.3"
  resolved "https://registry.yarnpkg.com/supports-color/-/supports-color-3.2.3.tgz#65ac0504b3954171d8a64946b2ae3cbb8a5f54f6"
  integrity sha1-ZawFBLOVQXHYpklGsq48u4pfVPY=
  dependencies:
    has-flag "^1.0.0"

ua-parser-js@^0.7.18:
  version "0.7.33"
  resolved "https://registry.yarnpkg.com/ua-parser-js/-/ua-parser-js-0.7.33.tgz#1d04acb4ccef9293df6f70f2c3d22f3030d8b532"
  integrity sha512-s8ax/CeZdK9R/56Sui0WM6y9OFREJarMRHqLB2EwkovemBxNQ+Bqu8GAsUnVcXKgphb++ghr/B2BZx4mahujPw==

whatwg-fetch@>=0.10.0:
  version "3.0.0"
  resolved "https://registry.yarnpkg.com/whatwg-fetch/-/whatwg-fetch-3.0.0.tgz#fc804e458cc460009b1a2b966bc8817d2578aefb"
  integrity sha512-9GSJUgz1D4MfyKU7KRqwOjXCXTqWdFNvEr7eUBYchQiVc744mqK/MzXPNR2WsPkmkOa4ywfg8C2n8h+13Bey1Q==
